// !$*UTF8*$!
{
	archiveVersion = 1;
	classes = {
	};
	objectVersion = 45;
	objects = {

/* Begin PBXBuildFile section */
		224339580A6F05F3000348D4 /* WebKit.framework in Frameworks */ = {isa = PBXBuildFile; fileRef = 224339570A6F05F3000348D4 /* WebKit.framework */; };
		8D1AC96B0486D14A00FE50C9 /* webkit_plugin_macView.mm in Sources */ = {isa = PBXBuildFile; fileRef = 0259C576FE90428111CA0C5A /* webkit_plugin_macView.mm */; settings = {ATTRIBUTES = (); }; };
		8D1AC9700486D14A00FE50C9 /* Cocoa.framework in Frameworks */ = {isa = PBXBuildFile; fileRef = DD92D38A0106425D02CA0E72 /* Cocoa.framework */; };
		8D1AC9800486D23B00FE50C9 /* InfoPlist.strings in Resources */ = {isa = PBXBuildFile; fileRef = 8D1AC97F0486D23B00FE50C9 /* InfoPlist.strings */; };
		938563E3130E61AF000F4333 /* Info.plist in Resources */ = {isa = PBXBuildFile; fileRef = 938563DC130E61AF000F4333 /* Info.plist */; };
		938564A3130E6EC0000F4333 /* ocv_freenect.cpp in Sources */ = {isa = PBXBuildFile; fileRef = 938564A1130E6EC0000F4333 /* ocv_freenect.cpp */; };
		938564A8130E6EE0000F4333 /* bg_fg_blobs.cpp in Sources */ = {isa = PBXBuildFile; fileRef = 938564A6130E6EE0000F4333 /* bg_fg_blobs.cpp */; };
		938DB6F5130F3CDC008C37B1 /* IOKit.framework in Frameworks */ = {isa = PBXBuildFile; fileRef = 938DB6F4130F3CDC008C37B1 /* IOKit.framework */; };
		938DB6FE130F3D7D008C37B1 /* libz.dylib in Frameworks */ = {isa = PBXBuildFile; fileRef = 938DB6FD130F3D7D008C37B1 /* libz.dylib */; };
		938DB702130F43F0008C37B1 /* Accelerate.framework in Frameworks */ = {isa = PBXBuildFile; fileRef = 938DB701130F43F0008C37B1 /* Accelerate.framework */; };
/* End PBXBuildFile section */

/* Begin PBXFileReference section */
		0259C576FE90428111CA0C5A /* webkit_plugin_macView.mm */ = {isa = PBXFileReference; fileEncoding = 30; lastKnownFileType = sourcecode.cpp.objcpp; path = webkit_plugin_macView.mm; sourceTree = "<group>"; };
		0259C57AFE90428111CA0C5A /* webkit_plugin_macView.h */ = {isa = PBXFileReference; fileEncoding = 30; lastKnownFileType = sourcecode.c.h; path = webkit_plugin_macView.h; sourceTree = "<group>"; };
		224339570A6F05F3000348D4 /* WebKit.framework */ = {isa = PBXFileReference; lastKnownFileType = wrapper.framework; name = WebKit.framework; path = /System/Library/Frameworks/WebKit.framework; sourceTree = "<absolute>"; };
		32DBCF980370C29C00C91783 /* webkit-plugin-mac_Prefix.pch */ = {isa = PBXFileReference; fileEncoding = 4; lastKnownFileType = sourcecode.c.h; path = "webkit-plugin-mac_Prefix.pch"; sourceTree = "<group>"; };
		8D1AC9730486D14A00FE50C9 /* Info.plist */ = {isa = PBXFileReference; fileEncoding = 4; lastKnownFileType = text.plist; path = Info.plist; sourceTree = "<group>"; };
		8D1AC9740486D14A00FE50C9 /* webkit-plugin-mac.webplugin */ = {isa = PBXFileReference; explicitFileType = wrapper.cfbundle; includeInIndex = 0; path = "webkit-plugin-mac.webplugin"; sourceTree = BUILT_PRODUCTS_DIR; };
		8D1AC97B0486D23100FE50C9 /* English */ = {isa = PBXFileReference; fileEncoding = 10; lastKnownFileType = text.plist.strings; name = English; path = English.lproj/InfoPlist.strings; sourceTree = "<group>"; };
		938563DC130E61AF000F4333 /* Info.plist */ = {isa = PBXFileReference; fileEncoding = 4; lastKnownFileType = text.plist.xml; name = Info.plist; path = ../npapi_plugin/Info.plist; sourceTree = SOURCE_ROOT; };
		93856454130E6E40000F4333 /* libfreenect_sync.a */ = {isa = PBXFileReference; lastKnownFileType = archive.ar; path = libfreenect_sync.a; sourceTree = "<group>"; };
		93856456130E6E40000F4333 /* libfreenect.a */ = {isa = PBXFileReference; lastKnownFileType = archive.ar; path = libfreenect.a; sourceTree = "<group>"; };
		93856458130E6E40000F4333 /* libusb-1.0.a */ = {isa = PBXFileReference; lastKnownFileType = archive.ar; path = "libusb-1.0.a"; sourceTree = "<group>"; };
		9385645A130E6E4A000F4333 /* libopencv_calib3d_pch_dephelp.a */ = {isa = PBXFileReference; lastKnownFileType = archive.ar; name = libopencv_calib3d_pch_dephelp.a; path = opencv/libopencv_calib3d_pch_dephelp.a; sourceTree = "<group>"; };
		9385645C130E6E4A000F4333 /* libopencv_calib3d.a */ = {isa = PBXFileReference; lastKnownFileType = archive.ar; name = libopencv_calib3d.a; path = opencv/libopencv_calib3d.a; sourceTree = "<group>"; };
		9385645E130E6E4A000F4333 /* libopencv_contrib_pch_dephelp.a */ = {isa = PBXFileReference; lastKnownFileType = archive.ar; name = libopencv_contrib_pch_dephelp.a; path = opencv/libopencv_contrib_pch_dephelp.a; sourceTree = "<group>"; };
		93856460130E6E4A000F4333 /* libopencv_contrib.a */ = {isa = PBXFileReference; lastKnownFileType = archive.ar; name = libopencv_contrib.a; path = opencv/libopencv_contrib.a; sourceTree = "<group>"; };
		93856462130E6E4A000F4333 /* libopencv_core_pch_dephelp.a */ = {isa = PBXFileReference; lastKnownFileType = archive.ar; name = libopencv_core_pch_dephelp.a; path = opencv/libopencv_core_pch_dephelp.a; sourceTree = "<group>"; };
		93856464130E6E4A000F4333 /* libopencv_core.a */ = {isa = PBXFileReference; lastKnownFileType = archive.ar; name = libopencv_core.a; path = opencv/libopencv_core.a; sourceTree = "<group>"; };
		93856466130E6E4A000F4333 /* libopencv_features2d_pch_dephelp.a */ = {isa = PBXFileReference; lastKnownFileType = archive.ar; name = libopencv_features2d_pch_dephelp.a; path = opencv/libopencv_features2d_pch_dephelp.a; sourceTree = "<group>"; };
		93856468130E6E4A000F4333 /* libopencv_features2d.a */ = {isa = PBXFileReference; lastKnownFileType = archive.ar; name = libopencv_features2d.a; path = opencv/libopencv_features2d.a; sourceTree = "<group>"; };
		9385646A130E6E4A000F4333 /* libopencv_flann_pch_dephelp.a */ = {isa = PBXFileReference; lastKnownFileType = archive.ar; name = libopencv_flann_pch_dephelp.a; path = opencv/libopencv_flann_pch_dephelp.a; sourceTree = "<group>"; };
		9385646C130E6E4A000F4333 /* libopencv_flann.a */ = {isa = PBXFileReference; lastKnownFileType = archive.ar; name = libopencv_flann.a; path = opencv/libopencv_flann.a; sourceTree = "<group>"; };
		9385646E130E6E4A000F4333 /* libopencv_gpu_pch_dephelp.a */ = {isa = PBXFileReference; lastKnownFileType = archive.ar; name = libopencv_gpu_pch_dephelp.a; path = opencv/libopencv_gpu_pch_dephelp.a; sourceTree = "<group>"; };
		93856470130E6E4B000F4333 /* libopencv_gpu.a */ = {isa = PBXFileReference; lastKnownFileType = archive.ar; name = libopencv_gpu.a; path = opencv/libopencv_gpu.a; sourceTree = "<group>"; };
		93856472130E6E4B000F4333 /* libopencv_haartraining_engine.a */ = {isa = PBXFileReference; lastKnownFileType = archive.ar; name = libopencv_haartraining_engine.a; path = opencv/libopencv_haartraining_engine.a; sourceTree = "<group>"; };
		93856474130E6E4B000F4333 /* libopencv_highgui_pch_dephelp.a */ = {isa = PBXFileReference; lastKnownFileType = archive.ar; name = libopencv_highgui_pch_dephelp.a; path = opencv/libopencv_highgui_pch_dephelp.a; sourceTree = "<group>"; };
		93856476130E6E4B000F4333 /* libopencv_highgui.a */ = {isa = PBXFileReference; lastKnownFileType = archive.ar; name = libopencv_highgui.a; path = opencv/libopencv_highgui.a; sourceTree = "<group>"; };
		93856478130E6E4B000F4333 /* libopencv_imgproc_pch_dephelp.a */ = {isa = PBXFileReference; lastKnownFileType = archive.ar; name = libopencv_imgproc_pch_dephelp.a; path = opencv/libopencv_imgproc_pch_dephelp.a; sourceTree = "<group>"; };
		9385647A130E6E4B000F4333 /* libopencv_imgproc.a */ = {isa = PBXFileReference; lastKnownFileType = archive.ar; name = libopencv_imgproc.a; path = opencv/libopencv_imgproc.a; sourceTree = "<group>"; };
		9385647C130E6E4B000F4333 /* libopencv_legacy_pch_dephelp.a */ = {isa = PBXFileReference; lastKnownFileType = archive.ar; name = libopencv_legacy_pch_dephelp.a; path = opencv/libopencv_legacy_pch_dephelp.a; sourceTree = "<group>"; };
		9385647E130E6E4B000F4333 /* libopencv_legacy.a */ = {isa = PBXFileReference; lastKnownFileType = archive.ar; name = libopencv_legacy.a; path = opencv/libopencv_legacy.a; sourceTree = "<group>"; };
		93856480130E6E4B000F4333 /* libopencv_ml_pch_dephelp.a */ = {isa = PBXFileReference; lastKnownFileType = archive.ar; name = libopencv_ml_pch_dephelp.a; path = opencv/libopencv_ml_pch_dephelp.a; sourceTree = "<group>"; };
		93856482130E6E4B000F4333 /* libopencv_ml.a */ = {isa = PBXFileReference; lastKnownFileType = archive.ar; name = libopencv_ml.a; path = opencv/libopencv_ml.a; sourceTree = "<group>"; };
		93856484130E6E4B000F4333 /* libopencv_objdetect_pch_dephelp.a */ = {isa = PBXFileReference; lastKnownFileType = archive.ar; name = libopencv_objdetect_pch_dephelp.a; path = opencv/libopencv_objdetect_pch_dephelp.a; sourceTree = "<group>"; };
		93856486130E6E4B000F4333 /* libopencv_objdetect.a */ = {isa = PBXFileReference; lastKnownFileType = archive.ar; name = libopencv_objdetect.a; path = opencv/libopencv_objdetect.a; sourceTree = "<group>"; };
		93856488130E6E4B000F4333 /* libopencv_video_pch_dephelp.a */ = {isa = PBXFileReference; lastKnownFileType = archive.ar; name = libopencv_video_pch_dephelp.a; path = opencv/libopencv_video_pch_dephelp.a; sourceTree = "<group>"; };
		9385648A130E6E4B000F4333 /* libopencv_video.a */ = {isa = PBXFileReference; lastKnownFileType = archive.ar; name = libopencv_video.a; path = opencv/libopencv_video.a; sourceTree = "<group>"; };
		938564A1130E6EC0000F4333 /* ocv_freenect.cpp */ = {isa = PBXFileReference; fileEncoding = 4; lastKnownFileType = sourcecode.cpp.cpp; path = ocv_freenect.cpp; sourceTree = "<group>"; };
		938564A2130E6EC0000F4333 /* ocv_freenect.hpp */ = {isa = PBXFileReference; fileEncoding = 4; lastKnownFileType = sourcecode.cpp.h; path = ocv_freenect.hpp; sourceTree = "<group>"; };
		938564A6130E6EE0000F4333 /* bg_fg_blobs.cpp */ = {isa = PBXFileReference; fileEncoding = 4; lastKnownFileType = sourcecode.cpp.cpp; path = bg_fg_blobs.cpp; sourceTree = "<group>"; };
		938564A7130E6EE0000F4333 /* bg_fg_blobs.hpp */ = {isa = PBXFileReference; fileEncoding = 4; lastKnownFileType = sourcecode.cpp.h; path = bg_fg_blobs.hpp; sourceTree = "<group>"; };
		938DB6F4130F3CDC008C37B1 /* IOKit.framework */ = {isa = PBXFileReference; lastKnownFileType = wrapper.framework; name = IOKit.framework; path = System/Library/Frameworks/IOKit.framework; sourceTree = SDKROOT; };
		938DB6FD130F3D7D008C37B1 /* libz.dylib */ = {isa = PBXFileReference; lastKnownFileType = "compiled.mach-o.dylib"; name = libz.dylib; path = usr/lib/libz.dylib; sourceTree = SDKROOT; };
		938DB701130F43F0008C37B1 /* Accelerate.framework */ = {isa = PBXFileReference; lastKnownFileType = wrapper.framework; name = Accelerate.framework; path = System/Library/Frameworks/Accelerate.framework; sourceTree = SDKROOT; };
		DD92D38A0106425D02CA0E72 /* Cocoa.framework */ = {isa = PBXFileReference; lastKnownFileType = wrapper.framework; name = Cocoa.framework; path = /System/Library/Frameworks/Cocoa.framework; sourceTree = "<absolute>"; };
/* End PBXFileReference section */

/* Begin PBXFrameworksBuildPhase section */
		8D1AC96E0486D14A00FE50C9 /* Frameworks */ = {
			isa = PBXFrameworksBuildPhase;
			buildActionMask = 2147483647;
			files = (
				8D1AC9700486D14A00FE50C9 /* Cocoa.framework in Frameworks */,
				224339580A6F05F3000348D4 /* WebKit.framework in Frameworks */,
				938DB6F5130F3CDC008C37B1 /* IOKit.framework in Frameworks */,
				938DB6FE130F3D7D008C37B1 /* libz.dylib in Frameworks */,
				938DB702130F43F0008C37B1 /* Accelerate.framework in Frameworks */,
			);
			runOnlyForDeploymentPostprocessing = 0;
		};
/* End PBXFrameworksBuildPhase section */

/* Begin PBXGroup section */
		0259C574FE90428111CA0C5A /* webkit_plugin_mac */ = {
			isa = PBXGroup;
			children = (
				32DBCF9E0370C38000C91783 /* Classes */,
				32DBCF9F0370C38200C91783 /* Other Sources */,
				0259C582FE90428111CA0C5A /* Resources */,
				1ED78706FE9D4A0611CA0C5A /* Products */,
				2E58F364FFB232C311CA0CBA /* Frameworks */,
				938DB701130F43F0008C37B1 /* Accelerate.framework */,
			);
			name = webkit_plugin_mac;
			sourceTree = "<group>";
		};
		0259C582FE90428111CA0C5A /* Resources */ = {
			isa = PBXGroup;
			children = (
				8D1AC9730486D14A00FE50C9 /* Info.plist */,
				8D1AC97F0486D23B00FE50C9 /* InfoPlist.strings */,
			);
			name = Resources;
			sourceTree = "<group>";
		};
		1ED78706FE9D4A0611CA0C5A /* Products */ = {
			isa = PBXGroup;
			children = (
				8D1AC9740486D14A00FE50C9 /* webkit-plugin-mac.webplugin */,
			);
			name = Products;
			sourceTree = "<group>";
		};
		2E58F364FFB232C311CA0CBA /* Frameworks */ = {
			isa = PBXGroup;
			children = (
				DD92D38A0106425D02CA0E72 /* Cocoa.framework */,
				224339570A6F05F3000348D4 /* WebKit.framework */,
				93856454130E6E40000F4333 /* libfreenect_sync.a */,
				93856456130E6E40000F4333 /* libfreenect.a */,
				93856458130E6E40000F4333 /* libusb-1.0.a */,
				9385645A130E6E4A000F4333 /* libopencv_calib3d_pch_dephelp.a */,
				9385645C130E6E4A000F4333 /* libopencv_calib3d.a */,
				9385645E130E6E4A000F4333 /* libopencv_contrib_pch_dephelp.a */,
				93856460130E6E4A000F4333 /* libopencv_contrib.a */,
				93856462130E6E4A000F4333 /* libopencv_core_pch_dephelp.a */,
				93856464130E6E4A000F4333 /* libopencv_core.a */,
				93856466130E6E4A000F4333 /* libopencv_features2d_pch_dephelp.a */,
				93856468130E6E4A000F4333 /* libopencv_features2d.a */,
				9385646A130E6E4A000F4333 /* libopencv_flann_pch_dephelp.a */,
				9385646C130E6E4A000F4333 /* libopencv_flann.a */,
				9385646E130E6E4A000F4333 /* libopencv_gpu_pch_dephelp.a */,
				93856470130E6E4B000F4333 /* libopencv_gpu.a */,
				93856472130E6E4B000F4333 /* libopencv_haartraining_engine.a */,
				93856474130E6E4B000F4333 /* libopencv_highgui_pch_dephelp.a */,
				93856476130E6E4B000F4333 /* libopencv_highgui.a */,
				93856478130E6E4B000F4333 /* libopencv_imgproc_pch_dephelp.a */,
				9385647A130E6E4B000F4333 /* libopencv_imgproc.a */,
				9385647C130E6E4B000F4333 /* libopencv_legacy_pch_dephelp.a */,
				9385647E130E6E4B000F4333 /* libopencv_legacy.a */,
				93856480130E6E4B000F4333 /* libopencv_ml_pch_dephelp.a */,
				93856482130E6E4B000F4333 /* libopencv_ml.a */,
				93856484130E6E4B000F4333 /* libopencv_objdetect_pch_dephelp.a */,
				93856486130E6E4B000F4333 /* libopencv_objdetect.a */,
				93856488130E6E4B000F4333 /* libopencv_video_pch_dephelp.a */,
				9385648A130E6E4B000F4333 /* libopencv_video.a */,
				938DB6F4130F3CDC008C37B1 /* IOKit.framework */,
				938DB6FD130F3D7D008C37B1 /* libz.dylib */,
			);
			name = Frameworks;
			sourceTree = "<group>";
		};
		32DBCF9E0370C38000C91783 /* Classes */ = {
			isa = PBXGroup;
			children = (
				0259C57AFE90428111CA0C5A /* webkit_plugin_macView.h */,
				0259C576FE90428111CA0C5A /* webkit_plugin_macView.mm */,
			);
			name = Classes;
			sourceTree = "<group>";
		};
		32DBCF9F0370C38200C91783 /* Other Sources */ = {
			isa = PBXGroup;
			children = (
				938564A1130E6EC0000F4333 /* ocv_freenect.cpp */,
				938564A2130E6EC0000F4333 /* ocv_freenect.hpp */,
				938564A6130E6EE0000F4333 /* bg_fg_blobs.cpp */,
				938564A7130E6EE0000F4333 /* bg_fg_blobs.hpp */,
				938563DC130E61AF000F4333 /* Info.plist */,
				32DBCF980370C29C00C91783 /* webkit-plugin-mac_Prefix.pch */,
			);
			name = "Other Sources";
			sourceTree = "<group>";
		};
/* End PBXGroup section */

/* Begin PBXNativeTarget section */
		8D1AC9600486D14A00FE50C9 /* webkit-plugin-mac */ = {
			isa = PBXNativeTarget;
			buildConfigurationList = C027D11908A954E7001699E2 /* Build configuration list for PBXNativeTarget "webkit-plugin-mac" */;
			buildPhases = (
				8D1AC9660486D14A00FE50C9 /* Resources */,
				8D1AC96A0486D14A00FE50C9 /* Sources */,
				8D1AC96E0486D14A00FE50C9 /* Frameworks */,
				938DB714130F458C008C37B1 /* ShellScript */,
			);
			buildRules = (
			);
			dependencies = (
			);
			name = "webkit-plugin-mac";
			productInstallPath = "$(HOME)/Developer/Palettes";
			productName = "webkit-plugin-mac";
			productReference = 8D1AC9740486D14A00FE50C9 /* webkit-plugin-mac.webplugin */;
			productType = "com.apple.product-type.bundle";
		};
/* End PBXNativeTarget section */

/* Begin PBXProject section */
		0259C573FE90428111CA0C5A /* Project object */ = {
			isa = PBXProject;
			buildConfigurationList = C027D11D08A954E7001699E2 /* Build configuration list for PBXProject "webkit-plugin-mac" */;
			compatibilityVersion = "Xcode 3.1";
			developmentRegion = English;
			hasScannedForEncodings = 1;
			knownRegions = (
				English,
				Japanese,
				French,
				German,
			);
			mainGroup = 0259C574FE90428111CA0C5A /* webkit_plugin_mac */;
			projectDirPath = "";
			projectRoot = "";
			targets = (
				8D1AC9600486D14A00FE50C9 /* webkit-plugin-mac */,
			);
		};
/* End PBXProject section */

/* Begin PBXResourcesBuildPhase section */
		8D1AC9660486D14A00FE50C9 /* Resources */ = {
			isa = PBXResourcesBuildPhase;
			buildActionMask = 2147483647;
			files = (
				8D1AC9800486D23B00FE50C9 /* InfoPlist.strings in Resources */,
				938563E3130E61AF000F4333 /* Info.plist in Resources */,
			);
			runOnlyForDeploymentPostprocessing = 0;
		};
/* End PBXResourcesBuildPhase section */

/* Begin PBXShellScriptBuildPhase section */
		938DB714130F458C008C37B1 /* ShellScript */ = {
			isa = PBXShellScriptBuildPhase;
			buildActionMask = 2147483647;
			files = (
			);
			inputPaths = (
			);
			outputPaths = (
			);
			runOnlyForDeploymentPostprocessing = 0;
			shellPath = /bin/sh;
			shellScript = "# clean up any previous products/symbolic links in the Internet Plug-Ins folder\nif [ -a \"${USER_LIBRARY_DIR}/Internet Plug-Ins/${FULL_PRODUCT_NAME}\" ]; then\n  rm -Rf \"${USER_LIBRARY_DIR}/Internet Plug-Ins/${FULL_PRODUCT_NAME}\"\nfi\n\n# Depending on the build configuration, either copy or link to the most recent product\nif [ \"${CONFIGURATION}\" == \"Debug\" ]; then\n  # if we're debugging, add a symbolic link to the plug-in\n  ln -sf \"${TARGET_BUILD_DIR}/${FULL_PRODUCT_NAME}\" \\\n    \"${USER_LIBRARY_DIR}/Internet Plug-Ins/${FULL_PRODUCT_NAME}\"\nelif [ \"${CONFIGURATION}\" == \"Release\" ]; then\n  # if we're compiling for release, just copy the plugin to the Internet Plug-ins folder\n  cp -Rfv \"${TARGET_BUILD_DIR}/${FULL_PRODUCT_NAME}\" \\\n    \"${USER_LIBRARY_DIR}/Internet Plug-Ins/${FULL_PRODUCT_NAME}\"\nfi";
		};
/* End PBXShellScriptBuildPhase section */

/* Begin PBXSourcesBuildPhase section */
		8D1AC96A0486D14A00FE50C9 /* Sources */ = {
			isa = PBXSourcesBuildPhase;
			buildActionMask = 2147483647;
			files = (
				8D1AC96B0486D14A00FE50C9 /* webkit_plugin_macView.mm in Sources */,
				938564A3130E6EC0000F4333 /* ocv_freenect.cpp in Sources */,
				938564A8130E6EE0000F4333 /* bg_fg_blobs.cpp in Sources */,
			);
			runOnlyForDeploymentPostprocessing = 0;
		};
/* End PBXSourcesBuildPhase section */

/* Begin PBXVariantGroup section */
		8D1AC97F0486D23B00FE50C9 /* InfoPlist.strings */ = {
			isa = PBXVariantGroup;
			children = (
				8D1AC97B0486D23100FE50C9 /* English */,
			);
			name = InfoPlist.strings;
			sourceTree = "<group>";
		};
/* End PBXVariantGroup section */

/* Begin XCBuildConfiguration section */
		C027D11A08A954E7001699E2 /* Debug */ = {
			isa = XCBuildConfiguration;
			buildSettings = {
				ALWAYS_SEARCH_USER_PATHS = NO;
				COPY_PHASE_STRIP = NO;
				GCC_ENABLE_FIX_AND_CONTINUE = YES;
				GCC_MODEL_TUNING = G5;
				GCC_OPTIMIZATION_LEVEL = 0;
				GCC_PRECOMPILE_PREFIX_HEADER = YES;
				GCC_PREFIX_HEADER = "webkit-plugin-mac_Prefix.pch";
				HEADER_SEARCH_PATHS = "./include/**";
				INFOPLIST_FILE = Info.plist;
				INSTALL_PATH = "$(HOME)/Library/Internet Plug-Ins";
				LIBRARY_SEARCH_PATHS = "$(inherited)";
				OTHER_LDFLAGS = (
					"-lstdc++",
					"\"$(SRCROOT)/lib/libfreenect_sync.a\"",
					"\"$(SRCROOT)/lib/libfreenect.a\"",
					"\"$(SRCROOT)/lib/libusb-1.0.a\"",
					"\"$(SRCROOT)/lib/opencv/libopencv_calib3d_pch_dephelp.a\"",
					"\"$(SRCROOT)/lib/opencv/libopencv_calib3d.a\"",
					"\"$(SRCROOT)/lib/opencv/libopencv_contrib_pch_dephelp.a\"",
					"\"$(SRCROOT)/lib/opencv/libopencv_contrib.a\"",
					"\"$(SRCROOT)/lib/opencv/libopencv_core_pch_dephelp.a\"",
					"\"$(SRCROOT)/lib/opencv/libopencv_core.a\"",
					"\"$(SRCROOT)/lib/opencv/libopencv_features2d_pch_dephelp.a\"",
					"\"$(SRCROOT)/lib/opencv/libopencv_features2d.a\"",
					"\"$(SRCROOT)/lib/opencv/libopencv_flann_pch_dephelp.a\"",
					"\"$(SRCROOT)/lib/opencv/libopencv_flann.a\"",
					"\"$(SRCROOT)/lib/opencv/libopencv_gpu_pch_dephelp.a\"",
					"\"$(SRCROOT)/lib/opencv/libopencv_gpu.a\"",
					"\"$(SRCROOT)/lib/opencv/libopencv_haartraining_engine.a\"",
					"\"$(SRCROOT)/lib/opencv/libopencv_highgui_pch_dephelp.a\"",
					"\"$(SRCROOT)/lib/opencv/libopencv_highgui.a\"",
					"\"$(SRCROOT)/lib/opencv/libopencv_imgproc_pch_dephelp.a\"",
					"\"$(SRCROOT)/lib/opencv/libopencv_imgproc.a\"",
					"\"$(SRCROOT)/lib/opencv/libopencv_legacy_pch_dephelp.a\"",
					"\"$(SRCROOT)/lib/opencv/libopencv_legacy.a\"",
					"\"$(SRCROOT)/lib/opencv/libopencv_ml_pch_dephelp.a\"",
					"\"$(SRCROOT)/lib/opencv/libopencv_ml.a\"",
					"\"$(SRCROOT)/lib/opencv/libopencv_objdetect_pch_dephelp.a\"",
					"\"$(SRCROOT)/lib/opencv/libopencv_objdetect.a\"",
					"\"$(SRCROOT)/lib/opencv/libopencv_video_pch_dephelp.a\"",
					"\"$(SRCROOT)/lib/opencv/libopencv_video.a\"",
				);
				PRODUCT_NAME = "webkit-plugin-mac";
				WARNING_CFLAGS = "-Wall";
				WRAPPER_EXTENSION = webplugin;
			};
			name = Debug;
		};
		C027D11B08A954E7001699E2 /* Release */ = {
			isa = XCBuildConfiguration;
			buildSettings = {
				ALWAYS_SEARCH_USER_PATHS = NO;
				DEBUG_INFORMATION_FORMAT = "dwarf-with-dsym";
				GCC_MODEL_TUNING = G5;
				GCC_PRECOMPILE_PREFIX_HEADER = YES;
				GCC_PREFIX_HEADER = "webkit-plugin-mac_Prefix.pch";
				HEADER_SEARCH_PATHS = "./include/**";
				INFOPLIST_FILE = Info.plist;
				INSTALL_PATH = "$(HOME)/Library/Internet Plug-Ins";
				LIBRARY_SEARCH_PATHS = "$(inherited)";
				OTHER_LDFLAGS = (
					"-lstdc++",
					"\"$(SRCROOT)/lib/libfreenect_sync.a\"",
					"\"$(SRCROOT)/lib/libfreenect.a\"",
					"\"$(SRCROOT)/lib/libusb-1.0.a\"",
					"\"$(SRCROOT)/lib/opencv/libopencv_calib3d_pch_dephelp.a\"",
					"\"$(SRCROOT)/lib/opencv/libopencv_calib3d.a\"",
					"\"$(SRCROOT)/lib/opencv/libopencv_contrib_pch_dephelp.a\"",
					"\"$(SRCROOT)/lib/opencv/libopencv_contrib.a\"",
					"\"$(SRCROOT)/lib/opencv/libopencv_core_pch_dephelp.a\"",
					"\"$(SRCROOT)/lib/opencv/libopencv_core.a\"",
					"\"$(SRCROOT)/lib/opencv/libopencv_features2d_pch_dephelp.a\"",
					"\"$(SRCROOT)/lib/opencv/libopencv_features2d.a\"",
					"\"$(SRCROOT)/lib/opencv/libopencv_flann_pch_dephelp.a\"",
					"\"$(SRCROOT)/lib/opencv/libopencv_flann.a\"",
					"\"$(SRCROOT)/lib/opencv/libopencv_gpu_pch_dephelp.a\"",
					"\"$(SRCROOT)/lib/opencv/libopencv_gpu.a\"",
					"\"$(SRCROOT)/lib/opencv/libopencv_haartraining_engine.a\"",
					"\"$(SRCROOT)/lib/opencv/libopencv_highgui_pch_dephelp.a\"",
					"\"$(SRCROOT)/lib/opencv/libopencv_highgui.a\"",
					"\"$(SRCROOT)/lib/opencv/libopencv_imgproc_pch_dephelp.a\"",
					"\"$(SRCROOT)/lib/opencv/libopencv_imgproc.a\"",
					"\"$(SRCROOT)/lib/opencv/libopencv_legacy_pch_dephelp.a\"",
					"\"$(SRCROOT)/lib/opencv/libopencv_legacy.a\"",
					"\"$(SRCROOT)/lib/opencv/libopencv_ml_pch_dephelp.a\"",
					"\"$(SRCROOT)/lib/opencv/libopencv_ml.a\"",
					"\"$(SRCROOT)/lib/opencv/libopencv_objdetect_pch_dephelp.a\"",
					"\"$(SRCROOT)/lib/opencv/libopencv_objdetect.a\"",
					"\"$(SRCROOT)/lib/opencv/libopencv_video_pch_dephelp.a\"",
					"\"$(SRCROOT)/lib/opencv/libopencv_video.a\"",
				);
				PRODUCT_NAME = "webkit-plugin-mac";
				WARNING_CFLAGS = "-Wall";
				WRAPPER_EXTENSION = webplugin;
			};
			name = Release;
		};
		C027D11E08A954E7001699E2 /* Debug */ = {
			isa = XCBuildConfiguration;
			buildSettings = {
				ARCHS = "$(ARCHS_STANDARD_32_BIT)";
				GCC_C_LANGUAGE_STANDARD = gnu99;
				GCC_WARN_ABOUT_RETURN_TYPE = YES;
				GCC_WARN_UNUSED_VARIABLE = YES;
				ONLY_ACTIVE_ARCH = YES;
				PREBINDING = NO;
				SDKROOT = macosx10.5;
				STANDARD_C_PLUS_PLUS_LIBRARY_TYPE = dynamic;
				VALID_ARCHS = i386;
			};
			name = Debug;
		};
		C027D11F08A954E7001699E2 /* Release */ = {
			isa = XCBuildConfiguration;
			buildSettings = {
				ARCHS = "$(ARCHS_STANDARD_32_BIT)";
				GCC_C_LANGUAGE_STANDARD = gnu99;
				GCC_WARN_ABOUT_RETURN_TYPE = YES;
				GCC_WARN_UNUSED_VARIABLE = YES;
				PREBINDING = NO;
				SDKROOT = macosx10.5;
				STANDARD_C_PLUS_PLUS_LIBRARY_TYPE = dynamic;
				VALID_ARCHS = i386;
			};
			name = Release;
		};
/* End XCBuildConfiguration section */

/* Begin XCConfigurationList section */
		C027D11908A954E7001699E2 /* Build configuration list for PBXNativeTarget "webkit-plugin-mac" */ = {
			isa = XCConfigurationList;
			buildConfigurations = (
				C027D11A08A954E7001699E2 /* Debug */,
				C027D11B08A954E7001699E2 /* Release */,
			);
			defaultConfigurationIsVisible = 0;
			defaultConfigurationName = Release;
		};
		C027D11D08A954E7001699E2 /* Build configuration list for PBXProject "webkit-plugin-mac" */ = {
			isa = XCConfigurationList;
			buildConfigurations = (
				C027D11E08A954E7001699E2 /* Debug */,
				C027D11F08A954E7001699E2 /* Release */,
			);
			defaultConfigurationIsVisible = 0;
			defaultConfigurationName = Release;
		};
/* End XCConfigurationList section */
	};
	rootObject = 0259C573FE90428111CA0C5A /* Project object */;
}
